{
  "nodes": {
    "catppuccin-alacritty": {
      "flake": false,
      "locked": {
        "lastModified": 1721489199,
        "narHash": "sha256-5MUWHXs8vfl2/u6YXB4krT5aLutVssPBr+DiuOdMAto=",
        "owner": "catppuccin",
        "repo": "alacritty",
        "rev": "343cf8d65459ac8f6449cc98dd3648bcbd7e3766",
        "type": "github"
      },
      "original": {
        "owner": "catppuccin",
        "repo": "alacritty",
        "type": "github"
      }
    },
    "catppuccin-starship": {
      "flake": false,
      "locked": {
        "lastModified": 1716565281,
        "narHash": "sha256-KzXO4dqpufxTew064ZLp3zKIXBwbF8Bi+I0Xa63j/lI=",
        "owner": "catppuccin",
        "repo": "starship",
        "rev": "ca2fb0600730fd3958a2cb4d4ca97c401877b365",
        "type": "github"
      },
      "original": {
        "owner": "catppuccin",
        "repo": "starship",
        "type": "github"
      }
    },
    "catppuccin-tmux": {
      "flake": false,
      "locked": {
        "lastModified": 1721382621,
        "narHash": "sha256-fmSvaqpRpA/COfT9xlhrANAnZAJo4o5SKQdm3A2gzeY=",
        "owner": "catppuccin",
        "repo": "tmux",
        "rev": "408c02ccf44d0a59a7a63ce2b65c5c29982c5c0e",
        "type": "github"
      },
      "original": {
        "owner": "catppuccin",
        "repo": "tmux",
        "type": "github"
      }
    },
    "home-manager": {
      "inputs": {
        "nixpkgs": [
          "nixpkgs"
        ]
      },
      "locked": {
        "lastModified": 1721852138,
        "narHash": "sha256-JH8N5uoqoVA6erV4O40VtKKHsnfmhvMGbxMNDLtim5o=",
        "owner": "nix-community",
        "repo": "home-manager",
        "rev": "304a011325b7ac7b8c9950333cd215a7aa146b0e",
        "type": "github"
      },
      "original": {
        "owner": "nix-community",
        "repo": "home-manager",
        "type": "github"
      }
    },
    "neovim-config": {
      "flake": false,
      "locked": {
        "lastModified": 1721298193,
        "narHash": "sha256-ZijqwUa7HMj2zPYX4TyV6nLDqN48MxEzMJRXtMZSZPY=",
        "owner": "pawellendzion",
        "repo": "neovim-config",
        "rev": "7b6683a6a4d9b31fe95c4fc5ab39547c6257ad3c",
        "type": "github"
      },
      "original": {
        "owner": "pawellendzion",
        "repo": "neovim-config",
        "type": "github"
      }
    },
    "nixpkgs": {
      "locked": {
        "lastModified": 1721562059,
        "narHash": "sha256-Tybxt65eyOARf285hMHIJ2uul8SULjFZbT9ZaEeUnP8=",
        "owner": "NixOS",
        "repo": "nixpkgs",
        "rev": "68c9ed8bbed9dfce253cc91560bf9043297ef2fe",
        "type": "github"
      },
      "original": {
        "owner": "NixOS",
        "ref": "nixos-unstable",
        "repo": "nixpkgs",
        "type": "github"
      }
    },
    "nixpkgs-stable": {
      "locked": {
        "lastModified": 1721686456,
        "narHash": "sha256-nw/BnNzATDPfzpJVTnY8mcSKKsz6BJMEFRkJ332QSN0=",
        "owner": "NixOS",
        "repo": "nixpkgs",
        "rev": "575f3027caa1e291d24f1e9fb0e3a19c2f26d96b",
        "type": "github"
      },
      "original": {
        "owner": "NixOS",
        "ref": "nixos-24.05",
        "repo": "nixpkgs",
        "type": "github"
      }
    },
    "nixpkgs-unstable": {
      "locked": {
        "lastModified": 1721562059,
        "narHash": "sha256-Tybxt65eyOARf285hMHIJ2uul8SULjFZbT9ZaEeUnP8=",
        "owner": "NixOS",
        "repo": "nixpkgs",
        "rev": "68c9ed8bbed9dfce253cc91560bf9043297ef2fe",
        "type": "github"
      },
      "original": {
        "owner": "NixOS",
        "ref": "nixos-unstable",
        "repo": "nixpkgs",
        "type": "github"
      }
    },
    "root": {
      "inputs": {
        "catppuccin-alacritty": "catppuccin-alacritty",
        "catppuccin-starship": "catppuccin-starship",
        "catppuccin-tmux": "catppuccin-tmux",
        "home-manager": "home-manager",
        "neovim-config": "neovim-config",
        "nixpkgs": "nixpkgs",
        "nixpkgs-stable": "nixpkgs-stable",
        "nixpkgs-unstable": "nixpkgs-unstable"
      }
    }
  },
  "root": "root",
  "version": 7
}
